PODS:
  - BVSDK/BVCommon (6.9.0)
  - BVSDK/BVCommonUI (6.9.0)
  - BVSDK/BVConversations (6.9.0):
    - BVSDK/BVCommon
  - BVSDK/BVConversationsStores (6.9.0):
    - BVSDK/BVConversations
  - BVSDK/BVConversationsUI (6.9.0):
    - BVSDK/BVCommonUI
    - BVSDK/BVConversationsStores

DEPENDENCIES:
  - BVSDK/BVConversations
  - BVSDK/BVConversationsStores
  - BVSDK/BVConversationsUI

SPEC CHECKSUMS:
  BVSDK: 0f60b83c765678bf13cc698f909aafe9e3e86f93

PODFILE CHECKSUM: bd4a90a6b90685efec8d5bbf53909a9e3aa3321e

COCOAPODS: 1.3.1
